
Microsoft Visual Studio Solution File, Format Version 12.00
# Visual Studio Version 18
VisualStudioVersion = 18.0.11205.157
MinimumVisualStudioVersion = 10.0.40219.1
Project("{2150E333-8FDC-42A3-9474-1A3956D46DE8}") = "source", "source", "{B8EFCA5F-814F-285C-A8CB-F00F14650265}"
EndProject
Project("{FAE04EC0-301F-11D3-BF4B-00C04F79EFBC}") = "Karma.Extensions.AspNetCore", "src\Karma.Extensions.AspNetCore\Karma.Extensions.AspNetCore.csproj", "{99062E7F-AEC4-4B20-9997-BE7E79A0AB58}"
EndProject
Project("{2150E333-8FDC-42A3-9474-1A3956D46DE8}") = "tests", "tests", "{0AB3BF05-4346-4AA6-1389-037BE0695223}"
EndProject
Project("{FAE04EC0-301F-11D3-BF4B-00C04F79EFBC}") = "Karma.Extensions.AspNetCore.Tests", "tests\Karma.Extensions.AspNetCore.Tests\Karma.Extensions.AspNetCore.Tests.csproj", "{B29797D8-C885-4256-BF62-BE77933155CB}"
EndProject
Project("{2150E333-8FDC-42A3-9474-1A3956D46DE8}") = "Solution Items", "Solution Items", "{089100B1-113F-4E66-888A-E83F3999EAFD}"
	ProjectSection(SolutionItems) = preProject
		.editorconfig = .editorconfig
		azure-pipelines.yml = azure-pipelines.yml
		global.json = global.json
		readme.md = readme.md
	EndProjectSection
EndProject
Project("{2150E333-8FDC-42A3-9474-1A3956D46DE8}") = "copilot", "copilot", "{02EA681E-C7D8-13C7-8484-4AC65E1B71E8}"
	ProjectSection(SolutionItems) = preProject
		.github\prompts\code-review.prompt.md = .github\prompts\code-review.prompt.md
		.github\instructions\coding-guidelines.instructions.md = .github\instructions\coding-guidelines.instructions.md
		.github\instructions\coding-style.instructions.md = .github\instructions\coding-style.instructions.md
		.github\copilot-instructions.md = .github\copilot-instructions.md
		.github\instructions\testing-mstest.instructions.md = .github\instructions\testing-mstest.instructions.md
	EndProjectSection
EndProject
Project("{2150E333-8FDC-42A3-9474-1A3956D46DE8}") = "samples", "samples", "{BAFB96BF-E200-4581-98CE-47949B07A086}"
EndProject
Project("{FAE04EC0-301F-11D3-BF4B-00C04F79EFBC}") = "Karma.Extensions.AspNetCore.Samples.WebApi", "Samples\Karma.Extensions.AspNetCore.Samples.WebApi\Karma.Extensions.AspNetCore.Samples.WebApi.csproj", "{927816FE-8C46-463F-8629-76B8D4B31788}"
EndProject
Project("{2150E333-8FDC-42A3-9474-1A3956D46DE8}") = ".github", ".github", "{6B912DBB-AC5F-43B2-B78E-084304C12E70}"
	ProjectSection(SolutionItems) = preProject
		.github\workflows\build.yaml = .github\workflows\build.yaml
	EndProjectSection
EndProject
Project("{2150E333-8FDC-42A3-9474-1A3956D46DE8}") = "Test", "Test", "{F92A3C3C-7F2A-4DE6-AE77-201D4F91BAD3}"
	ProjectSection(SolutionItems) = preProject
		.github\actions\run-tests\action.yml = .github\actions\run-tests\action.yml
	EndProjectSection
EndProject
Project("{2150E333-8FDC-42A3-9474-1A3956D46DE8}") = "Setup", "Setup", "{47748913-8DB1-4C71-801C-71C9DDB1F54A}"
	ProjectSection(SolutionItems) = preProject
		.github\actions\setup-environment\action.yml = .github\actions\setup-environment\action.yml
	EndProjectSection
EndProject
Project("{2150E333-8FDC-42A3-9474-1A3956D46DE8}") = "Publish", "Publish", "{111CFDA5-6DED-4C66-A944-F0F4B36460E4}"
	ProjectSection(SolutionItems) = preProject
		.github\actions\publish-results\action.yml = .github\actions\publish-results\action.yml
	EndProjectSection
EndProject
Global
	GlobalSection(SolutionConfigurationPlatforms) = preSolution
		Debug|Any CPU = Debug|Any CPU
		Debug|x64 = Debug|x64
		Debug|x86 = Debug|x86
		Release|Any CPU = Release|Any CPU
		Release|x64 = Release|x64
		Release|x86 = Release|x86
	EndGlobalSection
	GlobalSection(ProjectConfigurationPlatforms) = postSolution
		{99062E7F-AEC4-4B20-9997-BE7E79A0AB58}.Debug|Any CPU.ActiveCfg = Debug|Any CPU
		{99062E7F-AEC4-4B20-9997-BE7E79A0AB58}.Debug|Any CPU.Build.0 = Debug|Any CPU
		{99062E7F-AEC4-4B20-9997-BE7E79A0AB58}.Debug|x64.ActiveCfg = Debug|Any CPU
		{99062E7F-AEC4-4B20-9997-BE7E79A0AB58}.Debug|x64.Build.0 = Debug|Any CPU
		{99062E7F-AEC4-4B20-9997-BE7E79A0AB58}.Debug|x86.ActiveCfg = Debug|Any CPU
		{99062E7F-AEC4-4B20-9997-BE7E79A0AB58}.Debug|x86.Build.0 = Debug|Any CPU
		{99062E7F-AEC4-4B20-9997-BE7E79A0AB58}.Release|Any CPU.ActiveCfg = Release|Any CPU
		{99062E7F-AEC4-4B20-9997-BE7E79A0AB58}.Release|Any CPU.Build.0 = Release|Any CPU
		{99062E7F-AEC4-4B20-9997-BE7E79A0AB58}.Release|x64.ActiveCfg = Release|Any CPU
		{99062E7F-AEC4-4B20-9997-BE7E79A0AB58}.Release|x64.Build.0 = Release|Any CPU
		{99062E7F-AEC4-4B20-9997-BE7E79A0AB58}.Release|x86.ActiveCfg = Release|Any CPU
		{99062E7F-AEC4-4B20-9997-BE7E79A0AB58}.Release|x86.Build.0 = Release|Any CPU
		{B29797D8-C885-4256-BF62-BE77933155CB}.Debug|Any CPU.ActiveCfg = Debug|Any CPU
		{B29797D8-C885-4256-BF62-BE77933155CB}.Debug|Any CPU.Build.0 = Debug|Any CPU
		{B29797D8-C885-4256-BF62-BE77933155CB}.Debug|x64.ActiveCfg = Debug|Any CPU
		{B29797D8-C885-4256-BF62-BE77933155CB}.Debug|x64.Build.0 = Debug|Any CPU
		{B29797D8-C885-4256-BF62-BE77933155CB}.Debug|x86.ActiveCfg = Debug|Any CPU
		{B29797D8-C885-4256-BF62-BE77933155CB}.Debug|x86.Build.0 = Debug|Any CPU
		{B29797D8-C885-4256-BF62-BE77933155CB}.Release|Any CPU.ActiveCfg = Release|Any CPU
		{B29797D8-C885-4256-BF62-BE77933155CB}.Release|Any CPU.Build.0 = Release|Any CPU
		{B29797D8-C885-4256-BF62-BE77933155CB}.Release|x64.ActiveCfg = Release|Any CPU
		{B29797D8-C885-4256-BF62-BE77933155CB}.Release|x64.Build.0 = Release|Any CPU
		{B29797D8-C885-4256-BF62-BE77933155CB}.Release|x86.ActiveCfg = Release|Any CPU
		{B29797D8-C885-4256-BF62-BE77933155CB}.Release|x86.Build.0 = Release|Any CPU
		{927816FE-8C46-463F-8629-76B8D4B31788}.Debug|Any CPU.ActiveCfg = Debug|Any CPU
		{927816FE-8C46-463F-8629-76B8D4B31788}.Debug|Any CPU.Build.0 = Debug|Any CPU
		{927816FE-8C46-463F-8629-76B8D4B31788}.Debug|x64.ActiveCfg = Debug|Any CPU
		{927816FE-8C46-463F-8629-76B8D4B31788}.Debug|x64.Build.0 = Debug|Any CPU
		{927816FE-8C46-463F-8629-76B8D4B31788}.Debug|x86.ActiveCfg = Debug|Any CPU
		{927816FE-8C46-463F-8629-76B8D4B31788}.Debug|x86.Build.0 = Debug|Any CPU
		{927816FE-8C46-463F-8629-76B8D4B31788}.Release|Any CPU.ActiveCfg = Release|Any CPU
		{927816FE-8C46-463F-8629-76B8D4B31788}.Release|Any CPU.Build.0 = Release|Any CPU
		{927816FE-8C46-463F-8629-76B8D4B31788}.Release|x64.ActiveCfg = Release|Any CPU
		{927816FE-8C46-463F-8629-76B8D4B31788}.Release|x64.Build.0 = Release|Any CPU
		{927816FE-8C46-463F-8629-76B8D4B31788}.Release|x86.ActiveCfg = Release|Any CPU
		{927816FE-8C46-463F-8629-76B8D4B31788}.Release|x86.Build.0 = Release|Any CPU
	EndGlobalSection
	GlobalSection(SolutionProperties) = preSolution
		HideSolutionNode = FALSE
	EndGlobalSection
	GlobalSection(NestedProjects) = preSolution
		{99062E7F-AEC4-4B20-9997-BE7E79A0AB58} = {B8EFCA5F-814F-285C-A8CB-F00F14650265}
		{B29797D8-C885-4256-BF62-BE77933155CB} = {0AB3BF05-4346-4AA6-1389-037BE0695223}
		{02EA681E-C7D8-13C7-8484-4AC65E1B71E8} = {089100B1-113F-4E66-888A-E83F3999EAFD}
		{927816FE-8C46-463F-8629-76B8D4B31788} = {BAFB96BF-E200-4581-98CE-47949B07A086}
		{6B912DBB-AC5F-43B2-B78E-084304C12E70} = {089100B1-113F-4E66-888A-E83F3999EAFD}
		{F92A3C3C-7F2A-4DE6-AE77-201D4F91BAD3} = {6B912DBB-AC5F-43B2-B78E-084304C12E70}
		{47748913-8DB1-4C71-801C-71C9DDB1F54A} = {6B912DBB-AC5F-43B2-B78E-084304C12E70}
		{111CFDA5-6DED-4C66-A944-F0F4B36460E4} = {6B912DBB-AC5F-43B2-B78E-084304C12E70}
	EndGlobalSection
	GlobalSection(ExtensibilityGlobals) = postSolution
		SolutionGuid = {A6372200-84F2-4043-87EE-21513449471A}
	EndGlobalSection
EndGlobal
